<?xml version="1.0" encoding="utf-8"?>
<Project ToolsVersion="4.0" xmlns="http://schemas.microsoft.com/developer/msbuild/2003">
  <ItemGroup>
    <Filter Include="Source Files">
      <UniqueIdentifier>{4FC737F1-C7A5-4376-A066-2A32D752A2FF}</UniqueIdentifier>
      <Extensions>cpp;c;cc;cxx;def;odl;idl;hpj;bat;asm;asmx</Extensions>
    </Filter>
    <Filter Include="Header Files">
      <UniqueIdentifier>{93995380-89BD-4b04-88EB-625FBE52EBFB}</UniqueIdentifier>
      <Extensions>h;hh;hpp;hxx;hm;inl;inc;xsd</Extensions>
    </Filter>
    <Filter Include="Resource Files">
      <UniqueIdentifier>{67DA6AB6-F800-4c08-8B7A-83BB121AAD01}</UniqueIdentifier>
      <Extensions>rc;ico;cur;bmp;dlg;rc2;rct;bin;rgs;gif;jpg;jpeg;jpe;resx;tiff;tif;png;wav;mfcribbon-ms</Extensions>
    </Filter>
    <Filter Include="Header Files\banks">
      <UniqueIdentifier>{1349816a-fa7b-46dc-b36d-609f479c0ad5}</UniqueIdentifier>
    </Filter>
    <Filter Include="Header Files\devkit">
      <UniqueIdentifier>{3dd6c014-9ade-419d-94b7-1f3fecfd9fd6}</UniqueIdentifier>
    </Filter>
    <Filter Include="Source Files\banks">
      <UniqueIdentifier>{bc43e1e3-6afd-4bbf-805e-a85b19fbe35b}</UniqueIdentifier>
    </Filter>
    <Filter Include="Header Files\engine">
      <UniqueIdentifier>{4242cc02-4337-4750-ba9c-c539fc966c10}</UniqueIdentifier>
    </Filter>
    <Filter Include="Source Files\engine">
      <UniqueIdentifier>{0b7e7c51-a4c7-4d9d-a017-4c6cba01fe8a}</UniqueIdentifier>
    </Filter>
    <Filter Include="Header Files\object">
      <UniqueIdentifier>{cd4027ad-4af5-47ab-bf56-f75e4dadb1b7}</UniqueIdentifier>
    </Filter>
    <Filter Include="Source Files\object">
      <UniqueIdentifier>{3b5a267f-3b92-4a97-bb93-07eda8625a3b}</UniqueIdentifier>
    </Filter>
    <Filter Include="Source Files\screen">
      <UniqueIdentifier>{2ce0a400-a383-4102-82ef-da5fc1381201}</UniqueIdentifier>
    </Filter>
    <Filter Include="Header Files\screen">
      <UniqueIdentifier>{28f18fe4-9a36-46ce-93e1-f443d5af3042}</UniqueIdentifier>
    </Filter>
    <Filter Include="Source Files\devkit">
      <UniqueIdentifier>{49fa0b36-7c64-48b2-9f10-28b87c3006ad}</UniqueIdentifier>
    </Filter>
    <Filter Include="Source Files\output">
      <UniqueIdentifier>{200fe8d2-d42c-476c-af8e-cda57e10f787}</UniqueIdentifier>
    </Filter>
    <Filter Include="Header Files\output">
      <UniqueIdentifier>{3b778f98-d842-4ff0-aaa8-fa253dabe103}</UniqueIdentifier>
    </Filter>
  </ItemGroup>
  <ItemGroup>
    <ClInclude Include="devkit\_sms_manager.h">
      <Filter>Header Files\devkit</Filter>
    </ClInclude>
    <ClInclude Include="devkit\_snd_manager.h">
      <Filter>Header Files\devkit</Filter>
    </ClInclude>
    <ClInclude Include="banks\bank14.h">
      <Filter>Header Files\banks</Filter>
    </ClInclude>
    <ClInclude Include="banks\bank2.h">
      <Filter>Header Files\banks</Filter>
    </ClInclude>
    <ClInclude Include="banks\bank3.h">
      <Filter>Header Files\banks</Filter>
    </ClInclude>
    <ClInclude Include="banks\bank4.h">
      <Filter>Header Files\banks</Filter>
    </ClInclude>
    <ClInclude Include="banks\bank5.h">
      <Filter>Header Files\banks</Filter>
    </ClInclude>
    <ClInclude Include="banks\bank6.h">
      <Filter>Header Files\banks</Filter>
    </ClInclude>
    <ClInclude Include="banks\bank7.h">
      <Filter>Header Files\banks</Filter>
    </ClInclude>
    <ClInclude Include="banks\bank8.h">
      <Filter>Header Files\banks</Filter>
    </ClInclude>
    <ClInclude Include="banks\bank9.h">
      <Filter>Header Files\banks</Filter>
    </ClInclude>
    <ClInclude Include="banks\bank10.h">
      <Filter>Header Files\banks</Filter>
    </ClInclude>
    <ClInclude Include="banks\bank11.h">
      <Filter>Header Files\banks</Filter>
    </ClInclude>
    <ClInclude Include="banks\bank12.h">
      <Filter>Header Files\banks</Filter>
    </ClInclude>
    <ClInclude Include="banks\bank13.h">
      <Filter>Header Files\banks</Filter>
    </ClInclude>
    <ClInclude Include="banks\bank15.h">
      <Filter>Header Files\banks</Filter>
    </ClInclude>
    <ClInclude Include="object\board_object.h">
      <Filter>Header Files\object</Filter>
    </ClInclude>
    <ClInclude Include="object\enemy_object.h">
      <Filter>Header Files\object</Filter>
    </ClInclude>
    <ClInclude Include="object\gamer_object.h">
      <Filter>Header Files\object</Filter>
    </ClInclude>
    <ClInclude Include="object\level_object.h">
      <Filter>Header Files\object</Filter>
    </ClInclude>
    <ClInclude Include="object\score_object.h">
      <Filter>Header Files\object</Filter>
    </ClInclude>
    <ClInclude Include="object\state_object.h">
      <Filter>Header Files\object</Filter>
    </ClInclude>
    <ClInclude Include="object\storage_object.h">
      <Filter>Header Files\object</Filter>
    </ClInclude>
    <ClInclude Include="object\timer_object.h">
      <Filter>Header Files\object</Filter>
    </ClInclude>
    <ClInclude Include="gfx.h">
      <Filter>Header Files\output</Filter>
    </ClInclude>
    <ClInclude Include="psg.h">
      <Filter>Header Files\output</Filter>
    </ClInclude>
    <ClInclude Include="engine\global_manager.h">
      <Filter>Header Files\engine</Filter>
    </ClInclude>
    <ClInclude Include="engine\enum_manager.h">
      <Filter>Header Files\engine</Filter>
    </ClInclude>
    <ClInclude Include="object\locale_object.h">
      <Filter>Header Files\object</Filter>
    </ClInclude>
    <ClInclude Include="object\audio_object.h">
      <Filter>Header Files\object</Filter>
    </ClInclude>
    <ClInclude Include="game.h">
      <Filter>Header Files</Filter>
    </ClInclude>
    <ClInclude Include="main.h">
      <Filter>Header Files</Filter>
    </ClInclude>
    <ClInclude Include="engine\asm_manager.h">
      <Filter>Header Files\engine</Filter>
    </ClInclude>
    <ClInclude Include="engine\font_manager.h">
      <Filter>Header Files\engine</Filter>
    </ClInclude>
    <ClInclude Include="engine\function_manager.h">
      <Filter>Header Files\engine</Filter>
    </ClInclude>
    <ClInclude Include="engine\hack_manager.h">
      <Filter>Header Files\engine</Filter>
    </ClInclude>
    <ClInclude Include="engine\input_manager.h">
      <Filter>Header Files\engine</Filter>
    </ClInclude>
    <ClInclude Include="engine\state_manager.h">
      <Filter>Header Files\engine</Filter>
    </ClInclude>
    <ClInclude Include="engine\content_manager.h">
      <Filter>Header Files\engine</Filter>
    </ClInclude>
    <ClInclude Include="engine\mask_manager.h">
      <Filter>Header Files\engine</Filter>
    </ClInclude>
    <ClInclude Include="engine\sprite_manager.h">
      <Filter>Header Files\engine</Filter>
    </ClInclude>
    <ClInclude Include="engine\storage_manager.h">
      <Filter>Header Files\engine</Filter>
    </ClInclude>
    <ClInclude Include="engine\timer_manager.h">
      <Filter>Header Files\engine</Filter>
    </ClInclude>
    <ClInclude Include="engine\screen_manager.h">
      <Filter>Header Files\engine</Filter>
    </ClInclude>
    <ClInclude Include="screen\none_screen.h">
      <Filter>Header Files\screen</Filter>
    </ClInclude>
    <ClInclude Include="screen\splash_screen.h">
      <Filter>Header Files\screen</Filter>
    </ClInclude>
    <ClInclude Include="engine\main_manager.h">
      <Filter>Header Files\engine</Filter>
    </ClInclude>
    <ClInclude Include="screen\begin_screen.h">
      <Filter>Header Files\screen</Filter>
    </ClInclude>
    <ClInclude Include="engine\locale_manager.h">
      <Filter>Header Files\engine</Filter>
    </ClInclude>
    <ClInclude Include="engine\tile_manager.h">
      <Filter>Header Files\engine</Filter>
    </ClInclude>
    <ClInclude Include="screen\test_screen.h">
      <Filter>Header Files\screen</Filter>
    </ClInclude>
    <ClInclude Include="screen\title_screen.h">
      <Filter>Header Files\screen</Filter>
    </ClInclude>
    <ClInclude Include="screen\init_screen.h">
      <Filter>Header Files\screen</Filter>
    </ClInclude>
    <ClInclude Include="engine\level_manager.h">
      <Filter>Header Files\engine</Filter>
    </ClInclude>
    <ClInclude Include="engine\memo_manager.h">
      <Filter>Header Files\engine</Filter>
    </ClInclude>
    <ClInclude Include="engine\move_manager.h">
      <Filter>Header Files\engine</Filter>
    </ClInclude>
    <ClInclude Include="engine\score_manager.h">
      <Filter>Header Files\engine</Filter>
    </ClInclude>
    <ClInclude Include="engine\actor_manager.h">
      <Filter>Header Files\engine</Filter>
    </ClInclude>
    <ClInclude Include="engine\board_manager.h">
      <Filter>Header Files\engine</Filter>
    </ClInclude>
    <ClInclude Include="screen\load_screen.h">
      <Filter>Header Files\screen</Filter>
    </ClInclude>
    <ClInclude Include="engine\audio_manager.h">
      <Filter>Header Files\engine</Filter>
    </ClInclude>
    <ClInclude Include="engine\collision_manager.h">
      <Filter>Header Files\engine</Filter>
    </ClInclude>
    <ClInclude Include="engine\enemy_manager.h">
      <Filter>Header Files\engine</Filter>
    </ClInclude>
    <ClInclude Include="screen\dead_screen.h">
      <Filter>Header Files\screen</Filter>
    </ClInclude>
    <ClInclude Include="screen\cont_screen.h">
      <Filter>Header Files\screen</Filter>
    </ClInclude>
    <ClInclude Include="engine\gamer_manager.h">
      <Filter>Header Files\engine</Filter>
    </ClInclude>
    <ClInclude Include="screen\ready_screen.h">
      <Filter>Header Files\screen</Filter>
    </ClInclude>
    <ClInclude Include="screen\over_screen.h">
      <Filter>Header Files\screen</Filter>
    </ClInclude>
    <ClInclude Include="screen\pass_screen.h">
      <Filter>Header Files\screen</Filter>
    </ClInclude>
    <ClInclude Include="screen\play_screen.h">
      <Filter>Header Files\screen</Filter>
    </ClInclude>
    <ClInclude Include="screen\beat_screen.h">
      <Filter>Header Files\screen</Filter>
    </ClInclude>
    <ClInclude Include="object\hack_object.h">
      <Filter>Header Files\object</Filter>
    </ClInclude>
    <ClInclude Include="screen\credit_screen.h">
      <Filter>Header Files\screen</Filter>
    </ClInclude>
    <ClInclude Include="screen\intro_screen.h">
      <Filter>Header Files\screen</Filter>
    </ClInclude>
    <ClInclude Include="screen\start_screen.h">
      <Filter>Header Files\screen</Filter>
    </ClInclude>
    <ClInclude Include="screen\option_screen.h">
      <Filter>Header Files\screen</Filter>
    </ClInclude>
    <ClInclude Include="engine\option_manager.h">
      <Filter>Header Files\engine</Filter>
    </ClInclude>
    <ClInclude Include="object\boss_object.h">
      <Filter>Header Files\object</Filter>
    </ClInclude>
    <ClInclude Include="engine\boss_manager.h">
      <Filter>Header Files\engine</Filter>
    </ClInclude>
    <ClInclude Include="screen\prep_screen.h">
      <Filter>Header Files\screen</Filter>
    </ClInclude>
    <ClInclude Include="screen\boss_screen.h">
      <Filter>Header Files\screen</Filter>
    </ClInclude>
    <ClInclude Include="screen\fight_screen.h">
      <Filter>Header Files\screen</Filter>
    </ClInclude>
    <ClInclude Include="object\move_object.h">
      <Filter>Header Files\object</Filter>
    </ClInclude>
    <ClInclude Include="banks\fixedbank.h">
      <Filter>Header Files</Filter>
    </ClInclude>
  </ItemGroup>
  <ItemGroup>
    <ClCompile Include="main.c">
      <Filter>Source Files</Filter>
    </ClCompile>
    <ClCompile Include="game.c">
      <Filter>Source Files</Filter>
    </ClCompile>
    <ClCompile Include="devkit\_sms_manager.c">
      <Filter>Source Files\devkit</Filter>
    </ClCompile>
    <ClCompile Include="devkit\_snd_manager.c">
      <Filter>Source Files\devkit</Filter>
    </ClCompile>
    <ClCompile Include="banks\bank2.c">
      <Filter>Source Files\banks</Filter>
    </ClCompile>
    <ClCompile Include="banks\bank3.c">
      <Filter>Source Files\banks</Filter>
    </ClCompile>
    <ClCompile Include="banks\bank4.c">
      <Filter>Source Files\banks</Filter>
    </ClCompile>
    <ClCompile Include="banks\bank5.c">
      <Filter>Source Files\banks</Filter>
    </ClCompile>
    <ClCompile Include="banks\bank6.c">
      <Filter>Source Files\banks</Filter>
    </ClCompile>
    <ClCompile Include="banks\bank7.c">
      <Filter>Source Files\banks</Filter>
    </ClCompile>
    <ClCompile Include="banks\bank8.c">
      <Filter>Source Files\banks</Filter>
    </ClCompile>
    <ClCompile Include="banks\bank9.c">
      <Filter>Source Files\banks</Filter>
    </ClCompile>
    <ClCompile Include="banks\bank10.c">
      <Filter>Source Files\banks</Filter>
    </ClCompile>
    <ClCompile Include="banks\bank11.c">
      <Filter>Source Files\banks</Filter>
    </ClCompile>
    <ClCompile Include="banks\bank12.c">
      <Filter>Source Files\banks</Filter>
    </ClCompile>
    <ClCompile Include="banks\bank13.c">
      <Filter>Source Files\banks</Filter>
    </ClCompile>
    <ClCompile Include="banks\bank14.c">
      <Filter>Source Files\banks</Filter>
    </ClCompile>
    <ClCompile Include="banks\bank15.c">
      <Filter>Source Files\banks</Filter>
    </ClCompile>
    <ClCompile Include="gfx.c">
      <Filter>Source Files\output</Filter>
    </ClCompile>
    <ClCompile Include="object\audio_object.c">
      <Filter>Source Files\object</Filter>
    </ClCompile>
    <ClCompile Include="object\board_object.c">
      <Filter>Source Files\object</Filter>
    </ClCompile>
    <ClCompile Include="object\enemy_object.c">
      <Filter>Source Files\object</Filter>
    </ClCompile>
    <ClCompile Include="object\gamer_object.c">
      <Filter>Source Files\object</Filter>
    </ClCompile>
    <ClCompile Include="object\level_object.c">
      <Filter>Source Files\object</Filter>
    </ClCompile>
    <ClCompile Include="object\score_object.c">
      <Filter>Source Files\object</Filter>
    </ClCompile>
    <ClCompile Include="object\state_object.c">
      <Filter>Source Files\object</Filter>
    </ClCompile>
    <ClCompile Include="object\storage_object.c">
      <Filter>Source Files\object</Filter>
    </ClCompile>
    <ClCompile Include="object\timer_object.c">
      <Filter>Source Files\object</Filter>
    </ClCompile>
    <ClCompile Include="psg.c">
      <Filter>Source Files\output</Filter>
    </ClCompile>
    <ClCompile Include="engine\global_manager.c">
      <Filter>Source Files\engine</Filter>
    </ClCompile>
    <ClCompile Include="engine\enum_manager.c">
      <Filter>Source Files\engine</Filter>
    </ClCompile>
    <ClCompile Include="object\locale_object.c">
      <Filter>Source Files\object</Filter>
    </ClCompile>
    <ClCompile Include="engine\asm_manager.c">
      <Filter>Source Files\engine</Filter>
    </ClCompile>
    <ClCompile Include="engine\font_manager.c">
      <Filter>Source Files\engine</Filter>
    </ClCompile>
    <ClCompile Include="engine\function_manager.c">
      <Filter>Source Files\engine</Filter>
    </ClCompile>
    <ClCompile Include="engine\hack_manager.c">
      <Filter>Source Files\engine</Filter>
    </ClCompile>
    <ClCompile Include="engine\input_manager.c">
      <Filter>Source Files\engine</Filter>
    </ClCompile>
    <ClCompile Include="engine\mask_manager.c">
      <Filter>Source Files\engine</Filter>
    </ClCompile>
    <ClCompile Include="engine\state_manager.c">
      <Filter>Source Files\engine</Filter>
    </ClCompile>
    <ClCompile Include="engine\content_manager.c">
      <Filter>Source Files\engine</Filter>
    </ClCompile>
    <ClCompile Include="engine\sprite_manager.c">
      <Filter>Source Files\engine</Filter>
    </ClCompile>
    <ClCompile Include="engine\storage_manager.c">
      <Filter>Source Files\engine</Filter>
    </ClCompile>
    <ClCompile Include="engine\timer_manager.c">
      <Filter>Source Files\engine</Filter>
    </ClCompile>
    <ClCompile Include="screen\splash_screen.c">
      <Filter>Source Files\screen</Filter>
    </ClCompile>
    <ClCompile Include="engine\screen_manager.c">
      <Filter>Source Files\engine</Filter>
    </ClCompile>
    <ClCompile Include="screen\none_screen.c">
      <Filter>Source Files\screen</Filter>
    </ClCompile>
    <ClCompile Include="engine\main_manager.c">
      <Filter>Source Files\engine</Filter>
    </ClCompile>
    <ClCompile Include="screen\begin_screen.c">
      <Filter>Source Files\screen</Filter>
    </ClCompile>
    <ClCompile Include="engine\locale_manager.c">
      <Filter>Source Files\engine</Filter>
    </ClCompile>
    <ClCompile Include="engine\tile_manager.c">
      <Filter>Source Files\engine</Filter>
    </ClCompile>
    <ClCompile Include="screen\title_screen.c">
      <Filter>Source Files\screen</Filter>
    </ClCompile>
    <ClCompile Include="screen\init_screen.c">
      <Filter>Source Files\screen</Filter>
    </ClCompile>
    <ClCompile Include="engine\level_manager.c">
      <Filter>Source Files\engine</Filter>
    </ClCompile>
    <ClCompile Include="engine\memo_manager.c">
      <Filter>Source Files\engine</Filter>
    </ClCompile>
    <ClCompile Include="engine\move_manager.c">
      <Filter>Source Files\engine</Filter>
    </ClCompile>
    <ClCompile Include="engine\score_manager.c">
      <Filter>Source Files\engine</Filter>
    </ClCompile>
    <ClCompile Include="screen\load_screen.c">
      <Filter>Source Files\screen</Filter>
    </ClCompile>
    <ClCompile Include="engine\actor_manager.c">
      <Filter>Source Files\engine</Filter>
    </ClCompile>
    <ClCompile Include="engine\board_manager.c">
      <Filter>Source Files\engine</Filter>
    </ClCompile>
    <ClCompile Include="engine\enemy_manager.c">
      <Filter>Source Files\engine</Filter>
    </ClCompile>
    <ClCompile Include="engine\collision_manager.c">
      <Filter>Source Files\engine</Filter>
    </ClCompile>
    <ClCompile Include="screen\ready_screen.c">
      <Filter>Source Files\screen</Filter>
    </ClCompile>
    <ClCompile Include="screen\over_screen.c">
      <Filter>Source Files\screen</Filter>
    </ClCompile>
    <ClCompile Include="screen\pass_screen.c">
      <Filter>Source Files\screen</Filter>
    </ClCompile>
    <ClCompile Include="screen\play_screen.c">
      <Filter>Source Files\screen</Filter>
    </ClCompile>
    <ClCompile Include="engine\gamer_manager.c">
      <Filter>Source Files\engine</Filter>
    </ClCompile>
    <ClCompile Include="engine\audio_manager.c">
      <Filter>Source Files\engine</Filter>
    </ClCompile>
    <ClCompile Include="screen\dead_screen.c">
      <Filter>Source Files\screen</Filter>
    </ClCompile>
    <ClCompile Include="screen\cont_screen.c">
      <Filter>Source Files\screen</Filter>
    </ClCompile>
    <ClCompile Include="screen\beat_screen.c">
      <Filter>Source Files\screen</Filter>
    </ClCompile>
    <ClCompile Include="object\hack_object.c">
      <Filter>Source Files\object</Filter>
    </ClCompile>
    <ClCompile Include="screen\option_screen.c">
      <Filter>Source Files\screen</Filter>
    </ClCompile>
    <ClCompile Include="screen\start_screen.c">
      <Filter>Source Files\screen</Filter>
    </ClCompile>
    <ClCompile Include="engine\option_manager.c">
      <Filter>Source Files\engine</Filter>
    </ClCompile>
    <ClCompile Include="object\boss_object.c">
      <Filter>Source Files\object</Filter>
    </ClCompile>
    <ClCompile Include="engine\boss_manager.c">
      <Filter>Source Files\engine</Filter>
    </ClCompile>
    <ClCompile Include="screen\boss_screen.c">
      <Filter>Source Files\screen</Filter>
    </ClCompile>
    <ClCompile Include="screen\fight_screen.c">
      <Filter>Source Files\screen</Filter>
    </ClCompile>
    <ClCompile Include="screen\prep_screen.c">
      <Filter>Source Files\screen</Filter>
    </ClCompile>
    <ClCompile Include="object\move_object.c">
      <Filter>Source Files\object</Filter>
    </ClCompile>
    <ClCompile Include="banks\fixedbank.c">
      <Filter>Source Files</Filter>
    </ClCompile>
  </ItemGroup>
  <ItemGroup>
    <None Include="build.bat">
      <Filter>Resource Files</Filter>
    </None>
  </ItemGroup>
</Project>